
Microsoft Visual Studio Solution File, Format Version 12.00
# Visual Studio Version 17
VisualStudioVersion = 17.8.34408.163
MinimumVisualStudioVersion = 10.0.40219.1
Project("{FAE04EC0-301F-11D3-BF4B-00C04F79EFBC}") = "MatrixLibrary", "MatrixLibrary.csproj", "{F6DBDCF1-6ADE-48F0-A727-D9FD082F294E}"
EndProject
Global
	GlobalSection(SolutionConfigurationPlatforms) = preSolution
		Debug|Any CPU = Debug|Any CPU
		Release|Any CPU = Release|Any CPU
	EndGlobalSection
	GlobalSection(ProjectConfigurationPlatforms) = postSolution
		{F6DBDCF1-6ADE-48F0-A727-D9FD082F294E}.Debug|Any CPU.ActiveCfg = Debug|Any CPU
		{F6DBDCF1-6ADE-48F0-A727-D9FD082F294E}.Debug|Any CPU.Build.0 = Debug|Any CPU
		{F6DBDCF1-6ADE-48F0-A727-D9FD082F294E}.Release|Any CPU.ActiveCfg = Release|Any CPU
		{F6DBDCF1-6ADE-48F0-A727-D9FD082F294E}.Release|Any CPU.Build.0 = Release|Any CPU
	EndGlobalSection
	GlobalSection(SolutionProperties) = preSolution
		HideSolutionNode = FALSE
	EndGlobalSection
	GlobalSection(ExtensibilityGlobals) = postSolution
		SolutionGuid = {EE77701D-CD6B-4D30-ADB9-B42A62D0F4CA}
	EndGlobalSection
EndGlobal
